{
  "version": 4,
  "terraform_version": "1.3.2",
  "serial": 20,
  "lineage": "741ce99d-57f2-8091-b2f0-8ec3a47453bb",
  "outputs": {},
  "resources": [
    {
      "module": "module.eks",
      "mode": "managed",
      "type": "aws_cloudwatch_log_group",
      "name": "log",
      "provider": "provider[\"registry.terraform.io/hashicorp/aws\"]",
      "instances": [
        {
          "schema_version": 0,
          "attributes": {
            "arn": "arn:aws:logs:us-east-1:756553336060:log-group:/aws/eks/fullcycle-cursofc/cluster",
            "id": "/aws/eks/fullcycle-cursofc/cluster",
            "kms_key_id": "",
            "name": "/aws/eks/fullcycle-cursofc/cluster",
            "name_prefix": null,
            "retention_in_days": 30,
            "tags": null,
            "tags_all": {}
          },
          "sensitive_attributes": [],
          "private": "bnVsbA=="
        }
      ]
    },
    {
      "module": "module.eks",
      "mode": "managed",
      "type": "aws_eks_cluster",
      "name": "cluster",
      "provider": "provider[\"registry.terraform.io/hashicorp/aws\"]",
      "instances": [
        {
          "schema_version": 0,
          "attributes": {
            "arn": "arn:aws:eks:us-east-1:756553336060:cluster/fullcycle-cursofc",
            "certificate_authority": [
              {
                "data": "LS0tLS1CRUdJTiBDRVJUSUZJQ0FURS0tLS0tCk1JSUMvakNDQWVhZ0F3SUJBZ0lCQURBTkJna3Foa2lHOXcwQkFRc0ZBREFWTVJNd0VRWURWUVFERXdwcmRXSmwKY201bGRHVnpNQjRYRFRJeU1UQXhPREUxTlRFd05Gb1hEVE15TVRBeE5URTFOVEV3TkZvd0ZURVRNQkVHQTFVRQpBeE1LYTNWaVpYSnVaWFJsY3pDQ0FTSXdEUVlKS29aSWh2Y05BUUVCQlFBRGdnRVBBRENDQVFvQ2dnRUJBTityCkZKdUMyS1EzbWF0VlVCeUxMand5K0syTE02VHpIUkh4clE4YzhSOGwvR002VFNyeU1wdTZPZTgrOEVUMHNUZm4Kanl0TVJPMEJ6a0NpeStoeFRNRTRYK2czV3JYem5XOGZFL2V4QStkR2oxL1RhbmZkNDcrOE5UZFBtMlBmVFRuSwp3OGtzNnozRkpsaFV3aE9RcytxejJxbk9FWWl0bFRtUVBwdzQ2bHR4RG1veUdQNGRlcUQyZkljQ2gvVXBKWlk5CkpBK3V0eFRsdVVEdndrcFZaRUtqYUJXWjE3Z0hjZTVHbHQrcy9aOVNqTCtwRDJ6UThOS3NxTEdZOGNkTzVGOWQKQ29zb2NKMm83Z2I1dXpRbklqWG1SR2JwWjJKbGJyUnd4S2Rzclh1QkZGUTU2TCtadUtnYVVtTGNNdG50SWdQTQphQk4vNERTWmEvdEtkSUhBWkRzQ0F3RUFBYU5aTUZjd0RnWURWUjBQQVFIL0JBUURBZ0trTUE4R0ExVWRFd0VCCi93UUZNQU1CQWY4d0hRWURWUjBPQkJZRUZOM1l5UEtBRGVUaHNuWlBtVGNUUzkzZDNrSVdNQlVHQTFVZEVRUU8KTUF5Q0NtdDFZbVZ5Ym1WMFpYTXdEUVlKS29aSWh2Y05BUUVMQlFBRGdnRUJBTkp0elhQdmJPY0hTeCsxZzdFbQoyOWRyVkVPYTJzcHpVTlRMZkZ0L3oxd3h6dktJS1JXT0dVeCtPNWk4K0hWb2ZTWnlBcEloRmtJUWtsWldBYjgrCm1FZUdNc20vZEh6QnFpeVpIa3hGbVFrSHQ2eFFJWnZzdy9najVWUkNOUTBiOTVBcFZBSjVHSURDS202RjJ3VVYKVzdXZDRhamQram1uYzVGZHI4MlVTdXFTLzRNVERGQjM4T0NMWFBLOW82VmpFSWJOTjdLdkVtU3g4RjdndTRWaQphMUgxTlJ5MFRvYzJBSmxaTnVMbkhzN0tKNlk4OTNLeVZKMVFwcEdvdnhKb09pQUJCMHBOOWRudjI1V0ZDY1ZYClJEUjR2MEFES3Fvc05nWkNqYkJEN1NaWmhsUG52ajN0T0lPWHN4Z3RBZ2tObGZGS0kzYzJlaE9GNmVUSGdRKzEKT2FFPQotLS0tLUVORCBDRVJUSUZJQ0FURS0tLS0tCg=="
              }
            ],
            "created_at": "2022-10-18 15:44:42.778 +0000 UTC",
            "enabled_cluster_log_types": [
              "api",
              "audit"
            ],
            "encryption_config": [],
            "endpoint": "https://D1C34CAFE1C4957AA1D8235BFE9639CA.gr7.us-east-1.eks.amazonaws.com",
            "id": "fullcycle-cursofc",
            "identity": [
              {
                "oidc": [
                  {
                    "issuer": "https://oidc.eks.us-east-1.amazonaws.com/id/D1C34CAFE1C4957AA1D8235BFE9639CA"
                  }
                ]
              }
            ],
            "kubernetes_network_config": [
              {
                "ip_family": "ipv4",
                "service_ipv4_cidr": "172.20.0.0/16",
                "service_ipv6_cidr": ""
              }
            ],
            "name": "fullcycle-cursofc",
            "outpost_config": [],
            "platform_version": "eks.2",
            "role_arn": "arn:aws:iam::756553336060:role/fullcycle-cursofc-role",
            "status": "ACTIVE",
            "tags": null,
            "tags_all": {},
            "timeouts": null,
            "version": "1.23",
            "vpc_config": [
              {
                "cluster_security_group_id": "sg-0d55610627820d77b",
                "endpoint_private_access": false,
                "endpoint_public_access": true,
                "public_access_cidrs": [
                  "0.0.0.0/0"
                ],
                "security_group_ids": [
                  "sg-015ec9d9a4d639b20"
                ],
                "subnet_ids": [
                  "subnet-0070ee951c0d3ac7c",
                  "subnet-0ccc7025901d36a17"
                ],
                "vpc_id": "vpc-0eee81c4092398738"
              }
            ]
          },
          "sensitive_attributes": [],
          "private": "eyJlMmJmYjczMC1lY2FhLTExZTYtOGY4OC0zNDM2M2JjN2M0YzAiOnsiY3JlYXRlIjoxODAwMDAwMDAwMDAwLCJkZWxldGUiOjkwMDAwMDAwMDAwMCwidXBkYXRlIjozNjAwMDAwMDAwMDAwfX0=",
          "dependencies": [
            "module.eks.aws_cloudwatch_log_group.log",
            "module.eks.aws_iam_role.cluster",
            "module.eks.aws_iam_role_policy_attachment.cluster-AmazonEKSClusterPolicy",
            "module.eks.aws_iam_role_policy_attachment.cluster-AmazonEKSVPCResourcesController",
            "module.eks.aws_security_group.sg",
            "module.new-vpc.aws_subnet.subnets",
            "module.new-vpc.aws_vpc.new-vpc",
            "module.new-vpc.data.aws_availability_zones.available"
          ]
        }
      ]
    },
    {
      "module": "module.eks",
      "mode": "managed",
      "type": "aws_eks_node_group",
      "name": "node-1",
      "provider": "provider[\"registry.terraform.io/hashicorp/aws\"]",
      "instances": [
        {
          "schema_version": 0,
          "attributes": {
            "ami_type": "AL2_x86_64",
            "arn": "arn:aws:eks:us-east-1:756553336060:nodegroup/fullcycle-cursofc/node-1/d0c1f5e6-cae4-7b6f-896a-c40cdab0f350",
            "capacity_type": "ON_DEMAND",
            "cluster_name": "fullcycle-cursofc",
            "disk_size": 20,
            "force_update_version": null,
            "id": "fullcycle-cursofc:node-1",
            "instance_types": [
              "t3.micro"
            ],
            "labels": null,
            "launch_template": [],
            "node_group_name": "node-1",
            "node_group_name_prefix": "",
            "node_role_arn": "arn:aws:iam::756553336060:role/fullcycle-cursofc-role-node",
            "release_version": "1.23.9-20220926",
            "remote_access": [],
            "resources": [
              {
                "autoscaling_groups": [
                  {
                    "name": "eks-node-1-d0c1f5e6-cae4-7b6f-896a-c40cdab0f350"
                  }
                ],
                "remote_access_security_group_id": ""
              }
            ],
            "scaling_config": [
              {
                "desired_size": 2,
                "max_size": 4,
                "min_size": 2
              }
            ],
            "status": "ACTIVE",
            "subnet_ids": [
              "subnet-0070ee951c0d3ac7c",
              "subnet-0ccc7025901d36a17"
            ],
            "tags": null,
            "tags_all": {},
            "taint": [],
            "timeouts": null,
            "update_config": [
              {
                "max_unavailable": 1,
                "max_unavailable_percentage": 0
              }
            ],
            "version": "1.23"
          },
          "sensitive_attributes": [],
          "private": "eyJlMmJmYjczMC1lY2FhLTExZTYtOGY4OC0zNDM2M2JjN2M0YzAiOnsiY3JlYXRlIjozNjAwMDAwMDAwMDAwLCJkZWxldGUiOjM2MDAwMDAwMDAwMDAsInVwZGF0ZSI6MzYwMDAwMDAwMDAwMH19",
          "dependencies": [
            "module.eks.aws_cloudwatch_log_group.log",
            "module.eks.aws_eks_cluster.cluster",
            "module.eks.aws_iam_role.cluster",
            "module.eks.aws_iam_role.node",
            "module.eks.aws_iam_role_policy_attachment.cluster-AmazonEKSClusterPolicy",
            "module.eks.aws_iam_role_policy_attachment.cluster-AmazonEKSVPCResourcesController",
            "module.eks.aws_iam_role_policy_attachment.node-AmazonEC2ContainerRegistryReadOnly",
            "module.eks.aws_iam_role_policy_attachment.node-AmazonEKSWorkerNodePolicy",
            "module.eks.aws_iam_role_policy_attachment.node-AmazonEKS_CNI_Policy",
            "module.eks.aws_security_group.sg",
            "module.new-vpc.aws_subnet.subnets",
            "module.new-vpc.aws_vpc.new-vpc",
            "module.new-vpc.data.aws_availability_zones.available"
          ]
        }
      ]
    },
    {
      "module": "module.eks",
      "mode": "managed",
      "type": "aws_iam_role",
      "name": "cluster",
      "provider": "provider[\"registry.terraform.io/hashicorp/aws\"]",
      "instances": [
        {
          "schema_version": 0,
          "attributes": {
            "arn": "arn:aws:iam::756553336060:role/fullcycle-cursofc-role",
            "assume_role_policy": "{\"Statement\":[{\"Action\":\"sts:AssumeRole\",\"Effect\":\"Allow\",\"Principal\":{\"Service\":\"eks.amazonaws.com\"}}],\"Version\":\"2012-10-17\"}",
            "create_date": "2022-10-18T15:44:27Z",
            "description": "",
            "force_detach_policies": false,
            "id": "fullcycle-cursofc-role",
            "inline_policy": [],
            "managed_policy_arns": [],
            "max_session_duration": 3600,
            "name": "fullcycle-cursofc-role",
            "name_prefix": "",
            "path": "/",
            "permissions_boundary": null,
            "tags": null,
            "tags_all": {},
            "unique_id": "AROA3AJQXYT6NGSA7FKPO"
          },
          "sensitive_attributes": [],
          "private": "bnVsbA=="
        }
      ]
    },
    {
      "module": "module.eks",
      "mode": "managed",
      "type": "aws_iam_role",
      "name": "node",
      "provider": "provider[\"registry.terraform.io/hashicorp/aws\"]",
      "instances": [
        {
          "schema_version": 0,
          "attributes": {
            "arn": "arn:aws:iam::756553336060:role/fullcycle-cursofc-role-node",
            "assume_role_policy": "{\"Statement\":[{\"Action\":\"sts:AssumeRole\",\"Effect\":\"Allow\",\"Principal\":{\"Service\":\"ec2.amazonaws.com\"}}],\"Version\":\"2012-10-17\"}",
            "create_date": "2022-10-18T15:44:27Z",
            "description": "",
            "force_detach_policies": false,
            "id": "fullcycle-cursofc-role-node",
            "inline_policy": [],
            "managed_policy_arns": [],
            "max_session_duration": 3600,
            "name": "fullcycle-cursofc-role-node",
            "name_prefix": "",
            "path": "/",
            "permissions_boundary": null,
            "tags": null,
            "tags_all": {},
            "unique_id": "AROA3AJQXYT6G2MGKURGK"
          },
          "sensitive_attributes": [],
          "private": "bnVsbA=="
        }
      ]
    },
    {
      "module": "module.eks",
      "mode": "managed",
      "type": "aws_iam_role_policy_attachment",
      "name": "cluster-AmazonEKSClusterPolicy",
      "provider": "provider[\"registry.terraform.io/hashicorp/aws\"]",
      "instances": [
        {
          "schema_version": 0,
          "attributes": {
            "id": "fullcycle-cursofc-role-20221018154427579800000001",
            "policy_arn": "arn:aws:iam::aws:policy/AmazonEKSClusterPolicy",
            "role": "fullcycle-cursofc-role"
          },
          "sensitive_attributes": [],
          "private": "bnVsbA==",
          "dependencies": [
            "module.eks.aws_iam_role.cluster"
          ]
        }
      ]
    },
    {
      "module": "module.eks",
      "mode": "managed",
      "type": "aws_iam_role_policy_attachment",
      "name": "cluster-AmazonEKSVPCResourcesController",
      "provider": "provider[\"registry.terraform.io/hashicorp/aws\"]",
      "instances": [
        {
          "schema_version": 0,
          "attributes": {
            "id": "fullcycle-cursofc-role-20221018154428026700000006",
            "policy_arn": "arn:aws:iam::aws:policy/AmazonEKSVPCResourceController",
            "role": "fullcycle-cursofc-role"
          },
          "sensitive_attributes": [],
          "private": "bnVsbA==",
          "dependencies": [
            "module.eks.aws_iam_role.cluster"
          ]
        }
      ]
    },
    {
      "module": "module.eks",
      "mode": "managed",
      "type": "aws_iam_role_policy_attachment",
      "name": "node-AmazonEC2ContainerRegistryReadOnly",
      "provider": "provider[\"registry.terraform.io/hashicorp/aws\"]",
      "instances": [
        {
          "schema_version": 0,
          "attributes": {
            "id": "fullcycle-cursofc-role-node-20221018154427803100000003",
            "policy_arn": "arn:aws:iam::aws:policy/AmazonEC2ContainerRegistryReadOnly",
            "role": "fullcycle-cursofc-role-node"
          },
          "sensitive_attributes": [],
          "private": "bnVsbA==",
          "dependencies": [
            "module.eks.aws_iam_role.node"
          ]
        }
      ]
    },
    {
      "module": "module.eks",
      "mode": "managed",
      "type": "aws_iam_role_policy_attachment",
      "name": "node-AmazonEKSWorkerNodePolicy",
      "provider": "provider[\"registry.terraform.io/hashicorp/aws\"]",
      "instances": [
        {
          "schema_version": 0,
          "attributes": {
            "id": "fullcycle-cursofc-role-node-20221018154427581600000002",
            "policy_arn": "arn:aws:iam::aws:policy/AmazonEKSWorkerNodePolicy",
            "role": "fullcycle-cursofc-role-node"
          },
          "sensitive_attributes": [],
          "private": "bnVsbA==",
          "dependencies": [
            "module.eks.aws_iam_role.node"
          ]
        }
      ]
    },
    {
      "module": "module.eks",
      "mode": "managed",
      "type": "aws_iam_role_policy_attachment",
      "name": "node-AmazonEKS_CNI_Policy",
      "provider": "provider[\"registry.terraform.io/hashicorp/aws\"]",
      "instances": [
        {
          "schema_version": 0,
          "attributes": {
            "id": "fullcycle-cursofc-role-node-20221018154427805900000004",
            "policy_arn": "arn:aws:iam::aws:policy/AmazonEKS_CNI_Policy",
            "role": "fullcycle-cursofc-role-node"
          },
          "sensitive_attributes": [],
          "private": "bnVsbA==",
          "dependencies": [
            "module.eks.aws_iam_role.node"
          ]
        }
      ]
    },
    {
      "module": "module.eks",
      "mode": "managed",
      "type": "aws_security_group",
      "name": "sg",
      "provider": "provider[\"registry.terraform.io/hashicorp/aws\"]",
      "instances": [
        {
          "schema_version": 1,
          "attributes": {
            "arn": "arn:aws:ec2:us-east-1:756553336060:security-group/sg-015ec9d9a4d639b20",
            "description": "Managed by Terraform",
            "egress": [
              {
                "cidr_blocks": [
                  "0.0.0.0/0"
                ],
                "description": "",
                "from_port": 0,
                "ipv6_cidr_blocks": [],
                "prefix_list_ids": [],
                "protocol": "-1",
                "security_groups": [],
                "self": false,
                "to_port": 0
              }
            ],
            "id": "sg-015ec9d9a4d639b20",
            "ingress": [],
            "name": "terraform-20221018154427907900000005",
            "name_prefix": "terraform-",
            "owner_id": "756553336060",
            "revoke_rules_on_delete": false,
            "tags": {
              "Name": "fullcycle-sg"
            },
            "tags_all": {
              "Name": "fullcycle-sg"
            },
            "timeouts": null,
            "vpc_id": "vpc-0eee81c4092398738"
          },
          "sensitive_attributes": [],
          "private": "eyJlMmJmYjczMC1lY2FhLTExZTYtOGY4OC0zNDM2M2JjN2M0YzAiOnsiY3JlYXRlIjo2MDAwMDAwMDAwMDAsImRlbGV0ZSI6OTAwMDAwMDAwMDAwfSwic2NoZW1hX3ZlcnNpb24iOiIxIn0=",
          "dependencies": [
            "module.new-vpc.aws_vpc.new-vpc"
          ]
        }
      ]
    },
    {
      "module": "module.eks",
      "mode": "managed",
      "type": "local_file",
      "name": "kubeconfig",
      "provider": "provider[\"registry.terraform.io/hashicorp/local\"]",
      "instances": [
        {
          "schema_version": 0,
          "attributes": {
            "content": "apiVersion: v1\nclusters:\n- cluster:\n    server: https://D1C34CAFE1C4957AA1D8235BFE9639CA.gr7.us-east-1.eks.amazonaws.com\n    certificate-authority-data: LS0tLS1CRUdJTiBDRVJUSUZJQ0FURS0tLS0tCk1JSUMvakNDQWVhZ0F3SUJBZ0lCQURBTkJna3Foa2lHOXcwQkFRc0ZBREFWTVJNd0VRWURWUVFERXdwcmRXSmwKY201bGRHVnpNQjRYRFRJeU1UQXhPREUxTlRFd05Gb1hEVE15TVRBeE5URTFOVEV3TkZvd0ZURVRNQkVHQTFVRQpBeE1LYTNWaVpYSnVaWFJsY3pDQ0FTSXdEUVlKS29aSWh2Y05BUUVCQlFBRGdnRVBBRENDQVFvQ2dnRUJBTityCkZKdUMyS1EzbWF0VlVCeUxMand5K0syTE02VHpIUkh4clE4YzhSOGwvR002VFNyeU1wdTZPZTgrOEVUMHNUZm4Kanl0TVJPMEJ6a0NpeStoeFRNRTRYK2czV3JYem5XOGZFL2V4QStkR2oxL1RhbmZkNDcrOE5UZFBtMlBmVFRuSwp3OGtzNnozRkpsaFV3aE9RcytxejJxbk9FWWl0bFRtUVBwdzQ2bHR4RG1veUdQNGRlcUQyZkljQ2gvVXBKWlk5CkpBK3V0eFRsdVVEdndrcFZaRUtqYUJXWjE3Z0hjZTVHbHQrcy9aOVNqTCtwRDJ6UThOS3NxTEdZOGNkTzVGOWQKQ29zb2NKMm83Z2I1dXpRbklqWG1SR2JwWjJKbGJyUnd4S2Rzclh1QkZGUTU2TCtadUtnYVVtTGNNdG50SWdQTQphQk4vNERTWmEvdEtkSUhBWkRzQ0F3RUFBYU5aTUZjd0RnWURWUjBQQVFIL0JBUURBZ0trTUE4R0ExVWRFd0VCCi93UUZNQU1CQWY4d0hRWURWUjBPQkJZRUZOM1l5UEtBRGVUaHNuWlBtVGNUUzkzZDNrSVdNQlVHQTFVZEVRUU8KTUF5Q0NtdDFZbVZ5Ym1WMFpYTXdEUVlKS29aSWh2Y05BUUVMQlFBRGdnRUJBTkp0elhQdmJPY0hTeCsxZzdFbQoyOWRyVkVPYTJzcHpVTlRMZkZ0L3oxd3h6dktJS1JXT0dVeCtPNWk4K0hWb2ZTWnlBcEloRmtJUWtsWldBYjgrCm1FZUdNc20vZEh6QnFpeVpIa3hGbVFrSHQ2eFFJWnZzdy9najVWUkNOUTBiOTVBcFZBSjVHSURDS202RjJ3VVYKVzdXZDRhamQram1uYzVGZHI4MlVTdXFTLzRNVERGQjM4T0NMWFBLOW82VmpFSWJOTjdLdkVtU3g4RjdndTRWaQphMUgxTlJ5MFRvYzJBSmxaTnVMbkhzN0tKNlk4OTNLeVZKMVFwcEdvdnhKb09pQUJCMHBOOWRudjI1V0ZDY1ZYClJEUjR2MEFES3Fvc05nWkNqYkJEN1NaWmhsUG52ajN0T0lPWHN4Z3RBZ2tObGZGS0kzYzJlaE9GNmVUSGdRKzEKT2FFPQotLS0tLUVORCBDRVJUSUZJQ0FURS0tLS0tCg==\n  name: kubernetes\ncontexts:\n- context:\n    cluster: kubernetes\n    user: \"admin\"\n  name: \"fullcycle-cursofc\"\ncurrent-context: \"fullcycle-cursofc\"\nkind: Config\npreferences: {}\nusers:\n- name: \"admin\"\n  user:\n    exec:\n      apiVersion: client.authentication.k8s.io/v1beta1\n      command: aws-iam-authenticator\n      args:\n        - \"token\"\n        - \"-i\"\n        - \"fullcycle-cursofc\"\n",
            "content_base64": null,
            "directory_permission": "0777",
            "file_permission": "0777",
            "filename": "kubeconfig",
            "id": "72c118951bf0260580428f41ebf5665ce2192dcd",
            "sensitive_content": null,
            "source": null
          },
          "sensitive_attributes": [],
          "private": "bnVsbA==",
          "dependencies": [
            "module.eks.aws_cloudwatch_log_group.log",
            "module.eks.aws_eks_cluster.cluster",
            "module.eks.aws_iam_role.cluster",
            "module.eks.aws_iam_role_policy_attachment.cluster-AmazonEKSClusterPolicy",
            "module.eks.aws_iam_role_policy_attachment.cluster-AmazonEKSVPCResourcesController",
            "module.eks.aws_security_group.sg",
            "module.new-vpc.aws_subnet.subnets",
            "module.new-vpc.aws_vpc.new-vpc",
            "module.new-vpc.data.aws_availability_zones.available"
          ]
        }
      ]
    },
    {
      "module": "module.new-vpc",
      "mode": "data",
      "type": "aws_availability_zones",
      "name": "available",
      "provider": "provider[\"registry.terraform.io/hashicorp/aws\"]",
      "instances": [
        {
          "schema_version": 0,
          "attributes": {
            "all_availability_zones": null,
            "exclude_names": null,
            "exclude_zone_ids": null,
            "filter": null,
            "group_names": [
              "us-east-1"
            ],
            "id": "us-east-1",
            "names": [
              "us-east-1a",
              "us-east-1b",
              "us-east-1c",
              "us-east-1d",
              "us-east-1e",
              "us-east-1f"
            ],
            "state": null,
            "timeouts": null,
            "zone_ids": [
              "use1-az4",
              "use1-az6",
              "use1-az1",
              "use1-az2",
              "use1-az3",
              "use1-az5"
            ]
          },
          "sensitive_attributes": []
        }
      ]
    },
    {
      "module": "module.new-vpc",
      "mode": "managed",
      "type": "aws_internet_gateway",
      "name": "new-igw",
      "provider": "provider[\"registry.terraform.io/hashicorp/aws\"]",
      "instances": [
        {
          "schema_version": 0,
          "attributes": {
            "arn": "arn:aws:ec2:us-east-1:756553336060:internet-gateway/igw-0d7088e78bd7ac4be",
            "id": "igw-0d7088e78bd7ac4be",
            "owner_id": "756553336060",
            "tags": {
              "Name": "fullcycle-igw"
            },
            "tags_all": {
              "Name": "fullcycle-igw"
            },
            "timeouts": null,
            "vpc_id": "vpc-0eee81c4092398738"
          },
          "sensitive_attributes": [],
          "private": "eyJlMmJmYjczMC1lY2FhLTExZTYtOGY4OC0zNDM2M2JjN2M0YzAiOnsiY3JlYXRlIjoxMjAwMDAwMDAwMDAwLCJkZWxldGUiOjEyMDAwMDAwMDAwMDAsInVwZGF0ZSI6MTIwMDAwMDAwMDAwMH19",
          "dependencies": [
            "module.new-vpc.aws_vpc.new-vpc"
          ]
        }
      ]
    },
    {
      "module": "module.new-vpc",
      "mode": "managed",
      "type": "aws_route_table",
      "name": "new-rtb",
      "provider": "provider[\"registry.terraform.io/hashicorp/aws\"]",
      "instances": [
        {
          "schema_version": 0,
          "attributes": {
            "arn": "arn:aws:ec2:us-east-1:756553336060:route-table/rtb-06694cab327fa192a",
            "id": "rtb-06694cab327fa192a",
            "owner_id": "756553336060",
            "propagating_vgws": [],
            "route": [
              {
                "carrier_gateway_id": "",
                "cidr_block": "0.0.0.0/0",
                "core_network_arn": "",
                "destination_prefix_list_id": "",
                "egress_only_gateway_id": "",
                "gateway_id": "igw-0d7088e78bd7ac4be",
                "instance_id": "",
                "ipv6_cidr_block": "",
                "local_gateway_id": "",
                "nat_gateway_id": "",
                "network_interface_id": "",
                "transit_gateway_id": "",
                "vpc_endpoint_id": "",
                "vpc_peering_connection_id": ""
              }
            ],
            "tags": {
              "Name": "fullcycle-rtb"
            },
            "tags_all": {
              "Name": "fullcycle-rtb"
            },
            "timeouts": null,
            "vpc_id": "vpc-0eee81c4092398738"
          },
          "sensitive_attributes": [],
          "private": "eyJlMmJmYjczMC1lY2FhLTExZTYtOGY4OC0zNDM2M2JjN2M0YzAiOnsiY3JlYXRlIjozMDAwMDAwMDAwMDAsImRlbGV0ZSI6MzAwMDAwMDAwMDAwLCJ1cGRhdGUiOjEyMDAwMDAwMDAwMH19",
          "dependencies": [
            "module.new-vpc.aws_internet_gateway.new-igw",
            "module.new-vpc.aws_vpc.new-vpc"
          ]
        }
      ]
    },
    {
      "module": "module.new-vpc",
      "mode": "managed",
      "type": "aws_route_table_association",
      "name": "new-rtb-association",
      "provider": "provider[\"registry.terraform.io/hashicorp/aws\"]",
      "instances": [
        {
          "index_key": 0,
          "schema_version": 0,
          "attributes": {
            "gateway_id": "",
            "id": "rtbassoc-03f7637a73629dfda",
            "route_table_id": "rtb-06694cab327fa192a",
            "subnet_id": "subnet-0070ee951c0d3ac7c"
          },
          "sensitive_attributes": [],
          "private": "bnVsbA==",
          "dependencies": [
            "module.new-vpc.aws_internet_gateway.new-igw",
            "module.new-vpc.aws_route_table.new-rtb",
            "module.new-vpc.aws_subnet.subnets",
            "module.new-vpc.aws_vpc.new-vpc",
            "module.new-vpc.data.aws_availability_zones.available"
          ]
        },
        {
          "index_key": 1,
          "schema_version": 0,
          "attributes": {
            "gateway_id": "",
            "id": "rtbassoc-0da901a24530f45d7",
            "route_table_id": "rtb-06694cab327fa192a",
            "subnet_id": "subnet-0ccc7025901d36a17"
          },
          "sensitive_attributes": [],
          "private": "bnVsbA==",
          "dependencies": [
            "module.new-vpc.aws_internet_gateway.new-igw",
            "module.new-vpc.aws_route_table.new-rtb",
            "module.new-vpc.aws_subnet.subnets",
            "module.new-vpc.aws_vpc.new-vpc",
            "module.new-vpc.data.aws_availability_zones.available"
          ]
        }
      ]
    },
    {
      "module": "module.new-vpc",
      "mode": "managed",
      "type": "aws_subnet",
      "name": "subnets",
      "provider": "provider[\"registry.terraform.io/hashicorp/aws\"]",
      "instances": [
        {
          "index_key": 0,
          "schema_version": 1,
          "attributes": {
            "arn": "arn:aws:ec2:us-east-1:756553336060:subnet/subnet-0070ee951c0d3ac7c",
            "assign_ipv6_address_on_creation": false,
            "availability_zone": "us-east-1a",
            "availability_zone_id": "use1-az4",
            "cidr_block": "10.0.0.0/24",
            "customer_owned_ipv4_pool": "",
            "enable_dns64": false,
            "enable_resource_name_dns_a_record_on_launch": false,
            "enable_resource_name_dns_aaaa_record_on_launch": false,
            "id": "subnet-0070ee951c0d3ac7c",
            "ipv6_cidr_block": "",
            "ipv6_cidr_block_association_id": "",
            "ipv6_native": false,
            "map_customer_owned_ip_on_launch": false,
            "map_public_ip_on_launch": true,
            "outpost_arn": "",
            "owner_id": "756553336060",
            "private_dns_hostname_type_on_launch": "ip-name",
            "tags": {
              "Name": "fullcycle-subnet-0"
            },
            "tags_all": {
              "Name": "fullcycle-subnet-0"
            },
            "timeouts": null,
            "vpc_id": "vpc-0eee81c4092398738"
          },
          "sensitive_attributes": [],
          "private": "eyJlMmJmYjczMC1lY2FhLTExZTYtOGY4OC0zNDM2M2JjN2M0YzAiOnsiY3JlYXRlIjo2MDAwMDAwMDAwMDAsImRlbGV0ZSI6MTIwMDAwMDAwMDAwMH0sInNjaGVtYV92ZXJzaW9uIjoiMSJ9",
          "dependencies": [
            "module.new-vpc.aws_vpc.new-vpc",
            "module.new-vpc.data.aws_availability_zones.available"
          ]
        },
        {
          "index_key": 1,
          "schema_version": 1,
          "attributes": {
            "arn": "arn:aws:ec2:us-east-1:756553336060:subnet/subnet-0ccc7025901d36a17",
            "assign_ipv6_address_on_creation": false,
            "availability_zone": "us-east-1b",
            "availability_zone_id": "use1-az6",
            "cidr_block": "10.0.1.0/24",
            "customer_owned_ipv4_pool": "",
            "enable_dns64": false,
            "enable_resource_name_dns_a_record_on_launch": false,
            "enable_resource_name_dns_aaaa_record_on_launch": false,
            "id": "subnet-0ccc7025901d36a17",
            "ipv6_cidr_block": "",
            "ipv6_cidr_block_association_id": "",
            "ipv6_native": false,
            "map_customer_owned_ip_on_launch": false,
            "map_public_ip_on_launch": true,
            "outpost_arn": "",
            "owner_id": "756553336060",
            "private_dns_hostname_type_on_launch": "ip-name",
            "tags": {
              "Name": "fullcycle-subnet-1"
            },
            "tags_all": {
              "Name": "fullcycle-subnet-1"
            },
            "timeouts": null,
            "vpc_id": "vpc-0eee81c4092398738"
          },
          "sensitive_attributes": [],
          "private": "eyJlMmJmYjczMC1lY2FhLTExZTYtOGY4OC0zNDM2M2JjN2M0YzAiOnsiY3JlYXRlIjo2MDAwMDAwMDAwMDAsImRlbGV0ZSI6MTIwMDAwMDAwMDAwMH0sInNjaGVtYV92ZXJzaW9uIjoiMSJ9",
          "dependencies": [
            "module.new-vpc.aws_vpc.new-vpc",
            "module.new-vpc.data.aws_availability_zones.available"
          ]
        }
      ]
    },
    {
      "module": "module.new-vpc",
      "mode": "managed",
      "type": "aws_vpc",
      "name": "new-vpc",
      "provider": "provider[\"registry.terraform.io/hashicorp/aws\"]",
      "instances": [
        {
          "schema_version": 1,
          "attributes": {
            "arn": "arn:aws:ec2:us-east-1:756553336060:vpc/vpc-0eee81c4092398738",
            "assign_generated_ipv6_cidr_block": false,
            "cidr_block": "10.0.0.0/16",
            "default_network_acl_id": "acl-0031ac661a83e285a",
            "default_route_table_id": "rtb-04b8d74878ea28bc9",
            "default_security_group_id": "sg-0e997e5b0def2c666",
            "dhcp_options_id": "dopt-0638fc4d694a049c3",
            "enable_classiclink": false,
            "enable_classiclink_dns_support": false,
            "enable_dns_hostnames": false,
            "enable_dns_support": true,
            "enable_network_address_usage_metrics": false,
            "id": "vpc-0eee81c4092398738",
            "instance_tenancy": "default",
            "ipv4_ipam_pool_id": null,
            "ipv4_netmask_length": null,
            "ipv6_association_id": "",
            "ipv6_cidr_block": "",
            "ipv6_cidr_block_network_border_group": "",
            "ipv6_ipam_pool_id": "",
            "ipv6_netmask_length": 0,
            "main_route_table_id": "rtb-04b8d74878ea28bc9",
            "owner_id": "756553336060",
            "tags": {
              "Name": "fullcycle-vpc"
            },
            "tags_all": {
              "Name": "fullcycle-vpc"
            }
          },
          "sensitive_attributes": [],
          "private": "eyJzY2hlbWFfdmVyc2lvbiI6IjEifQ=="
        }
      ]
    }
  ],
  "check_results": []
}
